
Microsoft Visual Studio Solution File, Format Version 12.00
# Visual Studio Version 17
VisualStudioVersion = 17.9.34714.143
MinimumVisualStudioVersion = 10.0.40219.1
Project("{FAE04EC0-301F-11D3-BF4B-00C04F79EFBC}") = "WcfServiceNet472AuthBasic", "WcfServiceNet472AuthBasic\WcfServiceNet472AuthBasic.csproj", "{8561615B-0D69-4ACC-AC9A-BD22BC72ED82}"
EndProject
Global
	GlobalSection(SolutionConfigurationPlatforms) = preSolution
		Debug|Any CPU = Debug|Any CPU
		Release|Any CPU = Release|Any CPU
	EndGlobalSection
	GlobalSection(ProjectConfigurationPlatforms) = postSolution
		{8561615B-0D69-4ACC-AC9A-BD22BC72ED82}.Debug|Any CPU.ActiveCfg = Debug|Any CPU
		{8561615B-0D69-4ACC-AC9A-BD22BC72ED82}.Debug|Any CPU.Build.0 = Debug|Any CPU
		{8561615B-0D69-4ACC-AC9A-BD22BC72ED82}.Release|Any CPU.ActiveCfg = Release|Any CPU
		{8561615B-0D69-4ACC-AC9A-BD22BC72ED82}.Release|Any CPU.Build.0 = Release|Any CPU
	EndGlobalSection
	GlobalSection(SolutionProperties) = preSolution
		HideSolutionNode = FALSE
	EndGlobalSection
	GlobalSection(ExtensibilityGlobals) = postSolution
		SolutionGuid = {2624A6D6-4CC4-485A-93C9-CCB5F61C8563}
	EndGlobalSection
EndGlobal
